
Microsoft Visual Studio Solution File, Format Version 12.00
# Visual Studio 15
VisualStudioVersion = 15.0.27428.2015
MinimumVisualStudioVersion = 10.0.40219.1
Project("{9A19103F-16F7-4668-BE54-9A1E7A4F7556}") = "BOL", "..\BOL\BOL.csproj", "{C229A8D8-18D0-46D8-BA10-0F5FE749B35A}"
EndProject
Project("{FAE04EC0-301F-11D3-BF4B-00C04F79EFBC}") = "database1", "database1\database1.csproj", "{D3DEFE36-57BF-4010-B3F2-28AAA1B29F2E}"
EndProject
Project("{FAE04EC0-301F-11D3-BF4B-00C04F79EFBC}") = "databaseAirline", "databaseAirline\databaseAirline.csproj", "{21918C98-607C-49EE-A7C9-A1A84311F3DB}"
EndProject
Global
	GlobalSection(SolutionConfigurationPlatforms) = preSolution
		Debug|Any CPU = Debug|Any CPU
		Release|Any CPU = Release|Any CPU
	EndGlobalSection
	GlobalSection(ProjectConfigurationPlatforms) = postSolution
		{C229A8D8-18D0-46D8-BA10-0F5FE749B35A}.Debug|Any CPU.ActiveCfg = Debug|Any CPU
		{C229A8D8-18D0-46D8-BA10-0F5FE749B35A}.Debug|Any CPU.Build.0 = Debug|Any CPU
		{C229A8D8-18D0-46D8-BA10-0F5FE749B35A}.Release|Any CPU.ActiveCfg = Release|Any CPU
		{C229A8D8-18D0-46D8-BA10-0F5FE749B35A}.Release|Any CPU.Build.0 = Release|Any CPU
		{D3DEFE36-57BF-4010-B3F2-28AAA1B29F2E}.Debug|Any CPU.ActiveCfg = Debug|Any CPU
		{D3DEFE36-57BF-4010-B3F2-28AAA1B29F2E}.Debug|Any CPU.Build.0 = Debug|Any CPU
		{D3DEFE36-57BF-4010-B3F2-28AAA1B29F2E}.Release|Any CPU.ActiveCfg = Release|Any CPU
		{D3DEFE36-57BF-4010-B3F2-28AAA1B29F2E}.Release|Any CPU.Build.0 = Release|Any CPU
		{21918C98-607C-49EE-A7C9-A1A84311F3DB}.Debug|Any CPU.ActiveCfg = Debug|Any CPU
		{21918C98-607C-49EE-A7C9-A1A84311F3DB}.Debug|Any CPU.Build.0 = Debug|Any CPU
		{21918C98-607C-49EE-A7C9-A1A84311F3DB}.Release|Any CPU.ActiveCfg = Release|Any CPU
		{21918C98-607C-49EE-A7C9-A1A84311F3DB}.Release|Any CPU.Build.0 = Release|Any CPU
	EndGlobalSection
	GlobalSection(SolutionProperties) = preSolution
		HideSolutionNode = FALSE
	EndGlobalSection
	GlobalSection(ExtensibilityGlobals) = postSolution
		SolutionGuid = {3F11B92A-85FD-49DE-8E67-7C8D749EA901}
	EndGlobalSection
EndGlobal
